// !$*UTF8*$!
{
	archiveVersion = 1;
	classes = {
	};
	objectVersion = 56;
	objects = {

/* Begin PBXBuildFile section */
		7A1730B40F9A3916FE678ECD /* Pods_InteligentWasteManager.framework in Frameworks */ = {isa = PBXBuildFile; fileRef = 72AFB8A71866161CD914ED5B /* Pods_InteligentWasteManager.framework */; };
		AD0655B02B8E60D700841D35 /* WasteItemModel.swift in Sources */ = {isa = PBXBuildFile; fileRef = AD0655AF2B8E60D700841D35 /* WasteItemModel.swift */; };
		AD0655B52B8E635400841D35 /* WasteItemViewModel.swift in Sources */ = {isa = PBXBuildFile; fileRef = AD0655B42B8E635400841D35 /* WasteItemViewModel.swift */; };
		AD191B9C2B906A3A00880DBD /* NetworkManager.swift in Sources */ = {isa = PBXBuildFile; fileRef = AD191B9B2B906A3A00880DBD /* NetworkManager.swift */; };
		AD191B9E2B906A6000880DBD /* ApiResponse.swift in Sources */ = {isa = PBXBuildFile; fileRef = AD191B9D2B906A6000880DBD /* ApiResponse.swift */; };
		AD23020F2B8F1D78003A19CC /* InstructionView.swift in Sources */ = {isa = PBXBuildFile; fileRef = AD23020E2B8F1D78003A19CC /* InstructionView.swift */; };
		AD2940072BACE477005654F2 /* instructions.json in Resources */ = {isa = PBXBuildFile; fileRef = AD2940062BACE477005654F2 /* instructions.json */; };
		AD3D93D12B890B3D0028444A /* SplashScreenView.swift in Sources */ = {isa = PBXBuildFile; fileRef = AD3D93D02B890B3D0028444A /* SplashScreenView.swift */; };
		AD60B9CE2B8D085F006DF8D0 /* LiveCameraPreview.swift in Sources */ = {isa = PBXBuildFile; fileRef = AD60B9CD2B8D085F006DF8D0 /* LiveCameraPreview.swift */; };
		AD7C761F2BAD802E00871286 /* HelperFunctions.swift in Sources */ = {isa = PBXBuildFile; fileRef = AD7C761E2BAD802E00871286 /* HelperFunctions.swift */; };
		AD7DD2EB2B8796A200594455 /* InteligentWasteManagerApp.swift in Sources */ = {isa = PBXBuildFile; fileRef = AD7DD2EA2B8796A200594455 /* InteligentWasteManagerApp.swift */; };
		AD7DD2ED2B8796A200594455 /* ContentView.swift in Sources */ = {isa = PBXBuildFile; fileRef = AD7DD2EC2B8796A200594455 /* ContentView.swift */; };
		AD7DD2EF2B8796A400594455 /* Assets.xcassets in Resources */ = {isa = PBXBuildFile; fileRef = AD7DD2EE2B8796A400594455 /* Assets.xcassets */; };
		AD7DD2F22B8796A400594455 /* Preview Assets.xcassets in Resources */ = {isa = PBXBuildFile; fileRef = AD7DD2F12B8796A400594455 /* Preview Assets.xcassets */; };
		AD7DD2FC2B8796A400594455 /* InteligentWasteManagerTests.swift in Sources */ = {isa = PBXBuildFile; fileRef = AD7DD2FB2B8796A400594455 /* InteligentWasteManagerTests.swift */; };
		AD7DD3062B8796A400594455 /* InteligentWasteManagerUITests.swift in Sources */ = {isa = PBXBuildFile; fileRef = AD7DD3052B8796A400594455 /* InteligentWasteManagerUITests.swift */; };
		AD7DD3082B8796A400594455 /* InteligentWasteManagerUITestsLaunchTests.swift in Sources */ = {isa = PBXBuildFile; fileRef = AD7DD3072B8796A400594455 /* InteligentWasteManagerUITestsLaunchTests.swift */; };
		AD847FDD2B89E30400E76D0E /* SliderButton.swift in Sources */ = {isa = PBXBuildFile; fileRef = AD847FDC2B89E30400E76D0E /* SliderButton.swift */; };
		AD847FDF2B89F62D00E76D0E /* SlideShowViewModel.swift in Sources */ = {isa = PBXBuildFile; fileRef = AD847FDE2B89F62D00E76D0E /* SlideShowViewModel.swift */; };
		AD88594B2BA7279500389D4F /* DisposalInstructionModel.swift in Sources */ = {isa = PBXBuildFile; fileRef = AD88594A2BA7279500389D4F /* DisposalInstructionModel.swift */; };
		AD8D53C22B9D9943003BD4C0 /* DetectedObject.swift in Sources */ = {isa = PBXBuildFile; fileRef = AD8D53C12B9D9943003BD4C0 /* DetectedObject.swift */; };
		AD932A4E2BADD4FD004728F0 /* CameraViewController.swift in Sources */ = {isa = PBXBuildFile; fileRef = AD932A4D2BADD4FD004728F0 /* CameraViewController.swift */; };
		AD9DF30C2B9EC89800D1A97E /* CameraContainerView.swift in Sources */ = {isa = PBXBuildFile; fileRef = AD9DF30B2B9EC89800D1A97E /* CameraContainerView.swift */; };
		AD9DF30E2B9EC8C700D1A97E /* NavigationViewModel.swift in Sources */ = {isa = PBXBuildFile; fileRef = AD9DF30D2B9EC8C700D1A97E /* NavigationViewModel.swift */; };
		AD9DF3102B9EF9B400D1A97E /* AppDependencyContainer.swift in Sources */ = {isa = PBXBuildFile; fileRef = AD9DF30F2B9EF9B400D1A97E /* AppDependencyContainer.swift */; };
		ADD3C9BE2B8DC55D00BCFBE8 /* ListItem.swift in Sources */ = {isa = PBXBuildFile; fileRef = ADD3C9BD2B8DC55D00BCFBE8 /* ListItem.swift */; };
		ADD3C9C02B8DD24300BCFBE8 /* IdentifiedWasteItemsView.swift in Sources */ = {isa = PBXBuildFile; fileRef = ADD3C9BF2B8DD24300BCFBE8 /* IdentifiedWasteItemsView.swift */; };
		EA237DA2B55AFA772EB4AEBA /* Pods_InteligentWasteManagerTests.framework in Frameworks */ = {isa = PBXBuildFile; fileRef = 819439A26D4859A889B55C2C /* Pods_InteligentWasteManagerTests.framework */; };
		F01F9A1198663A56FD964C64 /* Pods_InteligentWasteManager_InteligentWasteManagerUITests.framework in Frameworks */ = {isa = PBXBuildFile; fileRef = 9C3F11A75988953B003DF9AE /* Pods_InteligentWasteManager_InteligentWasteManagerUITests.framework */; };
/* End PBXBuildFile section */

/* Begin PBXContainerItemProxy section */
		AD7DD2F82B8796A400594455 /* PBXContainerItemProxy */ = {
			isa = PBXContainerItemProxy;
			containerPortal = AD7DD2DF2B8796A200594455 /* Project object */;
			proxyType = 1;
			remoteGlobalIDString = AD7DD2E62B8796A200594455;
			remoteInfo = InteligentWasteManager;
		};
		AD7DD3022B8796A400594455 /* PBXContainerItemProxy */ = {
			isa = PBXContainerItemProxy;
			containerPortal = AD7DD2DF2B8796A200594455 /* Project object */;
			proxyType = 1;
			remoteGlobalIDString = AD7DD2E62B8796A200594455;
			remoteInfo = InteligentWasteManager;
		};
		ADE3C3742BA0AD20003520EA /* PBXContainerItemProxy */ = {
			isa = PBXContainerItemProxy;
			containerPortal = AD7DD2DF2B8796A200594455 /* Project object */;
			proxyType = 1;
			remoteGlobalIDString = AD7DD2E62B8796A200594455;
			remoteInfo = InteligentWasteManager;
		};
/* End PBXContainerItemProxy section */

/* Begin PBXFileReference section */
		059960BFAC7E1175702DF3A4 /* Pods-InteligentWasteManagerTests.release.xcconfig */ = {isa = PBXFileReference; includeInIndex = 1; lastKnownFileType = text.xcconfig; name = "Pods-InteligentWasteManagerTests.release.xcconfig"; path = "Target Support Files/Pods-InteligentWasteManagerTests/Pods-InteligentWasteManagerTests.release.xcconfig"; sourceTree = "<group>"; };
		147F635B4E729F67B90F5284 /* Pods-InteligentWasteManager-InteligentWasteManagerUITests.release.xcconfig */ = {isa = PBXFileReference; includeInIndex = 1; lastKnownFileType = text.xcconfig; name = "Pods-InteligentWasteManager-InteligentWasteManagerUITests.release.xcconfig"; path = "Target Support Files/Pods-InteligentWasteManager-InteligentWasteManagerUITests/Pods-InteligentWasteManager-InteligentWasteManagerUITests.release.xcconfig"; sourceTree = "<group>"; };
		51E2D00A6341395206C6D5E7 /* Pods-InteligentWasteManager.debug.xcconfig */ = {isa = PBXFileReference; includeInIndex = 1; lastKnownFileType = text.xcconfig; name = "Pods-InteligentWasteManager.debug.xcconfig"; path = "Target Support Files/Pods-InteligentWasteManager/Pods-InteligentWasteManager.debug.xcconfig"; sourceTree = "<group>"; };
		71DF55E3DDFC73AC64897959 /* Pods-InteligentWasteManager.release.xcconfig */ = {isa = PBXFileReference; includeInIndex = 1; lastKnownFileType = text.xcconfig; name = "Pods-InteligentWasteManager.release.xcconfig"; path = "Target Support Files/Pods-InteligentWasteManager/Pods-InteligentWasteManager.release.xcconfig"; sourceTree = "<group>"; };
		72AFB8A71866161CD914ED5B /* Pods_InteligentWasteManager.framework */ = {isa = PBXFileReference; explicitFileType = wrapper.framework; includeInIndex = 0; path = Pods_InteligentWasteManager.framework; sourceTree = BUILT_PRODUCTS_DIR; };
		819439A26D4859A889B55C2C /* Pods_InteligentWasteManagerTests.framework */ = {isa = PBXFileReference; explicitFileType = wrapper.framework; includeInIndex = 0; path = Pods_InteligentWasteManagerTests.framework; sourceTree = BUILT_PRODUCTS_DIR; };
		9C3F11A75988953B003DF9AE /* Pods_InteligentWasteManager_InteligentWasteManagerUITests.framework */ = {isa = PBXFileReference; explicitFileType = wrapper.framework; includeInIndex = 0; path = Pods_InteligentWasteManager_InteligentWasteManagerUITests.framework; sourceTree = BUILT_PRODUCTS_DIR; };
		AD0655AF2B8E60D700841D35 /* WasteItemModel.swift */ = {isa = PBXFileReference; lastKnownFileType = sourcecode.swift; path = WasteItemModel.swift; sourceTree = "<group>"; };
		AD0655B42B8E635400841D35 /* WasteItemViewModel.swift */ = {isa = PBXFileReference; lastKnownFileType = sourcecode.swift; path = WasteItemViewModel.swift; sourceTree = "<group>"; };
		AD191B9B2B906A3A00880DBD /* NetworkManager.swift */ = {isa = PBXFileReference; lastKnownFileType = sourcecode.swift; path = NetworkManager.swift; sourceTree = "<group>"; };
		AD191B9D2B906A6000880DBD /* ApiResponse.swift */ = {isa = PBXFileReference; lastKnownFileType = sourcecode.swift; path = ApiResponse.swift; sourceTree = "<group>"; };
		AD23020E2B8F1D78003A19CC /* InstructionView.swift */ = {isa = PBXFileReference; lastKnownFileType = sourcecode.swift; path = InstructionView.swift; sourceTree = "<group>"; };
		AD2940062BACE477005654F2 /* instructions.json */ = {isa = PBXFileReference; fileEncoding = 4; lastKnownFileType = text.json; path = instructions.json; sourceTree = "<group>"; };
		AD3D93D02B890B3D0028444A /* SplashScreenView.swift */ = {isa = PBXFileReference; lastKnownFileType = sourcecode.swift; path = SplashScreenView.swift; sourceTree = "<group>"; };
		AD60B9CD2B8D085F006DF8D0 /* LiveCameraPreview.swift */ = {isa = PBXFileReference; lastKnownFileType = sourcecode.swift; path = LiveCameraPreview.swift; sourceTree = "<group>"; };
		AD7C761E2BAD802E00871286 /* HelperFunctions.swift */ = {isa = PBXFileReference; lastKnownFileType = sourcecode.swift; path = HelperFunctions.swift; sourceTree = "<group>"; };
		AD7DD2E72B8796A200594455 /* InteligentWasteManager.app */ = {isa = PBXFileReference; explicitFileType = wrapper.application; includeInIndex = 0; path = InteligentWasteManager.app; sourceTree = BUILT_PRODUCTS_DIR; };
		AD7DD2EA2B8796A200594455 /* InteligentWasteManagerApp.swift */ = {isa = PBXFileReference; lastKnownFileType = sourcecode.swift; path = InteligentWasteManagerApp.swift; sourceTree = "<group>"; };
		AD7DD2EC2B8796A200594455 /* ContentView.swift */ = {isa = PBXFileReference; lastKnownFileType = sourcecode.swift; path = ContentView.swift; sourceTree = "<group>"; };
		AD7DD2EE2B8796A400594455 /* Assets.xcassets */ = {isa = PBXFileReference; lastKnownFileType = folder.assetcatalog; path = Assets.xcassets; sourceTree = "<group>"; };
		AD7DD2F12B8796A400594455 /* Preview Assets.xcassets */ = {isa = PBXFileReference; lastKnownFileType = folder.assetcatalog; path = "Preview Assets.xcassets"; sourceTree = "<group>"; };
		AD7DD2F72B8796A400594455 /* InteligentWasteManagerTests.xctest */ = {isa = PBXFileReference; explicitFileType = wrapper.cfbundle; includeInIndex = 0; path = InteligentWasteManagerTests.xctest; sourceTree = BUILT_PRODUCTS_DIR; };
		AD7DD2FB2B8796A400594455 /* InteligentWasteManagerTests.swift */ = {isa = PBXFileReference; lastKnownFileType = sourcecode.swift; path = InteligentWasteManagerTests.swift; sourceTree = "<group>"; };
		AD7DD3012B8796A400594455 /* InteligentWasteManagerUITests.xctest */ = {isa = PBXFileReference; explicitFileType = wrapper.cfbundle; includeInIndex = 0; path = InteligentWasteManagerUITests.xctest; sourceTree = BUILT_PRODUCTS_DIR; };
		AD7DD3052B8796A400594455 /* InteligentWasteManagerUITests.swift */ = {isa = PBXFileReference; lastKnownFileType = sourcecode.swift; path = InteligentWasteManagerUITests.swift; sourceTree = "<group>"; };
		AD7DD3072B8796A400594455 /* InteligentWasteManagerUITestsLaunchTests.swift */ = {isa = PBXFileReference; lastKnownFileType = sourcecode.swift; path = InteligentWasteManagerUITestsLaunchTests.swift; sourceTree = "<group>"; };
		AD847FDC2B89E30400E76D0E /* SliderButton.swift */ = {isa = PBXFileReference; lastKnownFileType = sourcecode.swift; path = SliderButton.swift; sourceTree = "<group>"; };
		AD847FDE2B89F62D00E76D0E /* SlideShowViewModel.swift */ = {isa = PBXFileReference; lastKnownFileType = sourcecode.swift; path = SlideShowViewModel.swift; sourceTree = "<group>"; };
		AD88594A2BA7279500389D4F /* DisposalInstructionModel.swift */ = {isa = PBXFileReference; lastKnownFileType = sourcecode.swift; path = DisposalInstructionModel.swift; sourceTree = "<group>"; };
		AD8D53C12B9D9943003BD4C0 /* DetectedObject.swift */ = {isa = PBXFileReference; lastKnownFileType = sourcecode.swift; path = DetectedObject.swift; sourceTree = "<group>"; };
		AD932A4D2BADD4FD004728F0 /* CameraViewController.swift */ = {isa = PBXFileReference; lastKnownFileType = sourcecode.swift; path = CameraViewController.swift; sourceTree = "<group>"; };
		AD9DF30B2B9EC89800D1A97E /* CameraContainerView.swift */ = {isa = PBXFileReference; lastKnownFileType = sourcecode.swift; path = CameraContainerView.swift; sourceTree = "<group>"; };
		AD9DF30D2B9EC8C700D1A97E /* NavigationViewModel.swift */ = {isa = PBXFileReference; lastKnownFileType = sourcecode.swift; path = NavigationViewModel.swift; sourceTree = "<group>"; };
		AD9DF30F2B9EF9B400D1A97E /* AppDependencyContainer.swift */ = {isa = PBXFileReference; lastKnownFileType = sourcecode.swift; path = AppDependencyContainer.swift; sourceTree = "<group>"; };
		ADD3C9BD2B8DC55D00BCFBE8 /* ListItem.swift */ = {isa = PBXFileReference; lastKnownFileType = sourcecode.swift; path = ListItem.swift; sourceTree = "<group>"; };
		ADD3C9BF2B8DD24300BCFBE8 /* IdentifiedWasteItemsView.swift */ = {isa = PBXFileReference; lastKnownFileType = sourcecode.swift; path = IdentifiedWasteItemsView.swift; sourceTree = "<group>"; };
		ADE3C3702BA0AD20003520EA /* InteligentWasteManagerTestsUnitTest.xctest */ = {isa = PBXFileReference; explicitFileType = wrapper.cfbundle; includeInIndex = 0; path = InteligentWasteManagerTestsUnitTest.xctest; sourceTree = BUILT_PRODUCTS_DIR; };
		B4AB1B23FF6A141FE5AC5046 /* Pods-InteligentWasteManager-InteligentWasteManagerUITests.debug.xcconfig */ = {isa = PBXFileReference; includeInIndex = 1; lastKnownFileType = text.xcconfig; name = "Pods-InteligentWasteManager-InteligentWasteManagerUITests.debug.xcconfig"; path = "Target Support Files/Pods-InteligentWasteManager-InteligentWasteManagerUITests/Pods-InteligentWasteManager-InteligentWasteManagerUITests.debug.xcconfig"; sourceTree = "<group>"; };
		FE0BAC2CB826709213975AD4 /* Pods-InteligentWasteManagerTests.debug.xcconfig */ = {isa = PBXFileReference; includeInIndex = 1; lastKnownFileType = text.xcconfig; name = "Pods-InteligentWasteManagerTests.debug.xcconfig"; path = "Target Support Files/Pods-InteligentWasteManagerTests/Pods-InteligentWasteManagerTests.debug.xcconfig"; sourceTree = "<group>"; };
/* End PBXFileReference section */

/* Begin PBXFrameworksBuildPhase section */
		AD7DD2E42B8796A200594455 /* Frameworks */ = {
			isa = PBXFrameworksBuildPhase;
			buildActionMask = 2147483647;
			files = (
				7A1730B40F9A3916FE678ECD /* Pods_InteligentWasteManager.framework in Frameworks */,
			);
			runOnlyForDeploymentPostprocessing = 0;
		};
		AD7DD2F42B8796A400594455 /* Frameworks */ = {
			isa = PBXFrameworksBuildPhase;
			buildActionMask = 2147483647;
			files = (
				EA237DA2B55AFA772EB4AEBA /* Pods_InteligentWasteManagerTests.framework in Frameworks */,
			);
			runOnlyForDeploymentPostprocessing = 0;
		};
		AD7DD2FE2B8796A400594455 /* Frameworks */ = {
			isa = PBXFrameworksBuildPhase;
			buildActionMask = 2147483647;
			files = (
				F01F9A1198663A56FD964C64 /* Pods_InteligentWasteManager_InteligentWasteManagerUITests.framework in Frameworks */,
			);
			runOnlyForDeploymentPostprocessing = 0;
		};
		ADE3C36D2BA0AD20003520EA /* Frameworks */ = {
			isa = PBXFrameworksBuildPhase;
			buildActionMask = 2147483647;
			files = (
			);
			runOnlyForDeploymentPostprocessing = 0;
		};
/* End PBXFrameworksBuildPhase section */

/* Begin PBXGroup section */
		0695D8BB10C19799BC3E6E27 /* Pods */ = {
			isa = PBXGroup;
			children = (
				51E2D00A6341395206C6D5E7 /* Pods-InteligentWasteManager.debug.xcconfig */,
				71DF55E3DDFC73AC64897959 /* Pods-InteligentWasteManager.release.xcconfig */,
				B4AB1B23FF6A141FE5AC5046 /* Pods-InteligentWasteManager-InteligentWasteManagerUITests.debug.xcconfig */,
				147F635B4E729F67B90F5284 /* Pods-InteligentWasteManager-InteligentWasteManagerUITests.release.xcconfig */,
				FE0BAC2CB826709213975AD4 /* Pods-InteligentWasteManagerTests.debug.xcconfig */,
				059960BFAC7E1175702DF3A4 /* Pods-InteligentWasteManagerTests.release.xcconfig */,
			);
			path = Pods;
			sourceTree = "<group>";
		};
		AD0655AE2B8E60B200841D35 /* Model */ = {
			isa = PBXGroup;
			children = (
				AD2940062BACE477005654F2 /* instructions.json */,
				AD0655AF2B8E60D700841D35 /* WasteItemModel.swift */,
				AD8D53C12B9D9943003BD4C0 /* DetectedObject.swift */,
				AD88594A2BA7279500389D4F /* DisposalInstructionModel.swift */,
			);
			path = Model;
			sourceTree = "<group>";
		};
		AD0655B32B8E633300841D35 /* ViewModel */ = {
			isa = PBXGroup;
			children = (
				AD0655B42B8E635400841D35 /* WasteItemViewModel.swift */,
				AD9DF30D2B9EC8C700D1A97E /* NavigationViewModel.swift */,
			);
			path = ViewModel;
			sourceTree = "<group>";
		};
		AD191B9A2B90683100880DBD /* Network */ = {
			isa = PBXGroup;
			children = (
				AD191B9B2B906A3A00880DBD /* NetworkManager.swift */,
				AD191B9D2B906A6000880DBD /* ApiResponse.swift */,
			);
			path = Network;
			sourceTree = "<group>";
		};
		AD3D93CD2B890A570028444A /* Views */ = {
			isa = PBXGroup;
			children = (
				AD3D93D02B890B3D0028444A /* SplashScreenView.swift */,
				AD60B9CD2B8D085F006DF8D0 /* LiveCameraPreview.swift */,
				ADD3C9BF2B8DD24300BCFBE8 /* IdentifiedWasteItemsView.swift */,
				AD23020E2B8F1D78003A19CC /* InstructionView.swift */,
				AD9DF30B2B9EC89800D1A97E /* CameraContainerView.swift */,
			);
			path = Views;
			sourceTree = "<group>";
		};
		AD3D93D22B89138F0028444A /* Shapes */ = {
			isa = PBXGroup;
			children = (
			);
			path = Shapes;
			sourceTree = "<group>";
		};
		AD7DD2DE2B8796A200594455 = {
			isa = PBXGroup;
			children = (
				AD7DD2E92B8796A200594455 /* InteligentWasteManager */,
				AD7DD2FA2B8796A400594455 /* InteligentWasteManagerTests */,
				AD7DD3042B8796A400594455 /* InteligentWasteManagerUITests */,
				AD7DD2E82B8796A200594455 /* Products */,
				0695D8BB10C19799BC3E6E27 /* Pods */,
				EA9F396D056F980DC1E8E136 /* Frameworks */,
			);
			sourceTree = "<group>";
		};
		AD7DD2E82B8796A200594455 /* Products */ = {
			isa = PBXGroup;
			children = (
				AD7DD2E72B8796A200594455 /* InteligentWasteManager.app */,
				AD7DD2F72B8796A400594455 /* InteligentWasteManagerTests.xctest */,
				AD7DD3012B8796A400594455 /* InteligentWasteManagerUITests.xctest */,
				ADE3C3702BA0AD20003520EA /* InteligentWasteManagerTestsUnitTest.xctest */,
			);
			name = Products;
			sourceTree = "<group>";
		};
		AD7DD2E92B8796A200594455 /* InteligentWasteManager */ = {
			isa = PBXGroup;
			children = (
				AD191B9A2B90683100880DBD /* Network */,
				AD0655B32B8E633300841D35 /* ViewModel */,
				AD0655AE2B8E60B200841D35 /* Model */,
				AD847FDB2B89E1F800E76D0E /* Components */,
				ADD3C9C12B8DD58E00BCFBE8 /* Utils */,
				AD3D93D22B89138F0028444A /* Shapes */,
				AD3D93CD2B890A570028444A /* Views */,
				AD7DD2EA2B8796A200594455 /* InteligentWasteManagerApp.swift */,
				AD7DD2EC2B8796A200594455 /* ContentView.swift */,
				AD7DD2EE2B8796A400594455 /* Assets.xcassets */,
				AD7DD2F02B8796A400594455 /* Preview Content */,
			);
			path = InteligentWasteManager;
			sourceTree = "<group>";
		};
		AD7DD2F02B8796A400594455 /* Preview Content */ = {
			isa = PBXGroup;
			children = (
				AD7DD2F12B8796A400594455 /* Preview Assets.xcassets */,
			);
			path = "Preview Content";
			sourceTree = "<group>";
		};
		AD7DD2FA2B8796A400594455 /* InteligentWasteManagerTests */ = {
			isa = PBXGroup;
			children = (
				AD7DD2FB2B8796A400594455 /* InteligentWasteManagerTests.swift */,
			);
			path = InteligentWasteManagerTests;
			sourceTree = "<group>";
		};
		AD7DD3042B8796A400594455 /* InteligentWasteManagerUITests */ = {
			isa = PBXGroup;
			children = (
				AD7DD3052B8796A400594455 /* InteligentWasteManagerUITests.swift */,
				AD7DD3072B8796A400594455 /* InteligentWasteManagerUITestsLaunchTests.swift */,
			);
			path = InteligentWasteManagerUITests;
			sourceTree = "<group>";
		};
		AD847FDB2B89E1F800E76D0E /* Components */ = {
			isa = PBXGroup;
			children = (
				AD847FDC2B89E30400E76D0E /* SliderButton.swift */,
				AD847FDE2B89F62D00E76D0E /* SlideShowViewModel.swift */,
				ADD3C9BD2B8DC55D00BCFBE8 /* ListItem.swift */,
				AD932A4D2BADD4FD004728F0 /* CameraViewController.swift */,
			);
			path = Components;
			sourceTree = "<group>";
		};
		ADD3C9C12B8DD58E00BCFBE8 /* Utils */ = {
			isa = PBXGroup;
			children = (
				AD9DF30F2B9EF9B400D1A97E /* AppDependencyContainer.swift */,
				AD7C761E2BAD802E00871286 /* HelperFunctions.swift */,
			);
			path = Utils;
			sourceTree = "<group>";
		};
		EA9F396D056F980DC1E8E136 /* Frameworks */ = {
			isa = PBXGroup;
			children = (
				72AFB8A71866161CD914ED5B /* Pods_InteligentWasteManager.framework */,
				9C3F11A75988953B003DF9AE /* Pods_InteligentWasteManager_InteligentWasteManagerUITests.framework */,
				819439A26D4859A889B55C2C /* Pods_InteligentWasteManagerTests.framework */,
			);
			name = Frameworks;
			sourceTree = "<group>";
		};
/* End PBXGroup section */

/* Begin PBXNativeTarget section */
		AD7DD2E62B8796A200594455 /* InteligentWasteManager */ = {
			isa = PBXNativeTarget;
			buildConfigurationList = AD7DD30B2B8796A400594455 /* Build configuration list for PBXNativeTarget "InteligentWasteManager" */;
			buildPhases = (
				8B33C7B843C086E9EC829466 /* [CP] Check Pods Manifest.lock */,
				AD7DD2E32B8796A200594455 /* Sources */,
				AD7DD2E42B8796A200594455 /* Frameworks */,
				AD7DD2E52B8796A200594455 /* Resources */,
				1B01E89D476AE81171713A7A /* [CP] Embed Pods Frameworks */,
			);
			buildRules = (
			);
			dependencies = (
			);
			name = InteligentWasteManager;
			packageProductDependencies = (
			);
			productName = InteligentWasteManager;
			productReference = AD7DD2E72B8796A200594455 /* InteligentWasteManager.app */;
			productType = "com.apple.product-type.application";
		};
		AD7DD2F62B8796A400594455 /* InteligentWasteManagerTests */ = {
			isa = PBXNativeTarget;
			buildConfigurationList = AD7DD30E2B8796A400594455 /* Build configuration list for PBXNativeTarget "InteligentWasteManagerTests" */;
			buildPhases = (
				E1D7320D99E957E576153222 /* [CP] Check Pods Manifest.lock */,
				AD7DD2F32B8796A400594455 /* Sources */,
				AD7DD2F42B8796A400594455 /* Frameworks */,
				AD7DD2F52B8796A400594455 /* Resources */,
			);
			buildRules = (
			);
			dependencies = (
				AD7DD2F92B8796A400594455 /* PBXTargetDependency */,
			);
			name = InteligentWasteManagerTests;
			productName = InteligentWasteManagerTests;
			productReference = AD7DD2F72B8796A400594455 /* InteligentWasteManagerTests.xctest */;
			productType = "com.apple.product-type.bundle.unit-test";
		};
		AD7DD3002B8796A400594455 /* InteligentWasteManagerUITests */ = {
			isa = PBXNativeTarget;
			buildConfigurationList = AD7DD3112B8796A400594455 /* Build configuration list for PBXNativeTarget "InteligentWasteManagerUITests" */;
			buildPhases = (
				F6E53EF460E282E4E9292811 /* [CP] Check Pods Manifest.lock */,
				AD7DD2FD2B8796A400594455 /* Sources */,
				AD7DD2FE2B8796A400594455 /* Frameworks */,
				AD7DD2FF2B8796A400594455 /* Resources */,
				46B0F6FEDE68C2DDC517A4B5 /* [CP] Embed Pods Frameworks */,
			);
			buildRules = (
			);
			dependencies = (
				AD7DD3032B8796A400594455 /* PBXTargetDependency */,
			);
			name = InteligentWasteManagerUITests;
			productName = InteligentWasteManagerUITests;
			productReference = AD7DD3012B8796A400594455 /* InteligentWasteManagerUITests.xctest */;
			productType = "com.apple.product-type.bundle.ui-testing";
		};
		ADE3C36F2BA0AD20003520EA /* InteligentWasteManagerTestsUnitTest */ = {
			isa = PBXNativeTarget;
			buildConfigurationList = ADE3C3762BA0AD20003520EA /* Build configuration list for PBXNativeTarget "InteligentWasteManagerTestsUnitTest" */;
			buildPhases = (
				ADE3C36C2BA0AD20003520EA /* Sources */,
				ADE3C36D2BA0AD20003520EA /* Frameworks */,
				ADE3C36E2BA0AD20003520EA /* Resources */,
			);
			buildRules = (
			);
			dependencies = (
				ADE3C3752BA0AD20003520EA /* PBXTargetDependency */,
			);
			name = InteligentWasteManagerTestsUnitTest;
			productName = InteligentWasteManagerTestsUnitTest;
			productReference = ADE3C3702BA0AD20003520EA /* InteligentWasteManagerTestsUnitTest.xctest */;
			productType = "com.apple.product-type.bundle.unit-test";
		};
/* End PBXNativeTarget section */

/* Begin PBXProject section */
		AD7DD2DF2B8796A200594455 /* Project object */ = {
			isa = PBXProject;
			attributes = {
				BuildIndependentTargetsInParallel = 1;
				LastSwiftUpdateCheck = 1520;
				LastUpgradeCheck = 1520;
				TargetAttributes = {
					AD7DD2E62B8796A200594455 = {
						CreatedOnToolsVersion = 15.2;
					};
					AD7DD2F62B8796A400594455 = {
						CreatedOnToolsVersion = 15.2;
						TestTargetID = AD7DD2E62B8796A200594455;
					};
					AD7DD3002B8796A400594455 = {
						CreatedOnToolsVersion = 15.2;
						TestTargetID = AD7DD2E62B8796A200594455;
					};
					ADE3C36F2BA0AD20003520EA = {
						CreatedOnToolsVersion = 15.2;
						TestTargetID = AD7DD2E62B8796A200594455;
					};
				};
			};
			buildConfigurationList = AD7DD2E22B8796A200594455 /* Build configuration list for PBXProject "InteligentWasteManager" */;
			compatibilityVersion = "Xcode 14.0";
			developmentRegion = en;
			hasScannedForEncodings = 0;
			knownRegions = (
				en,
				Base,
			);
			mainGroup = AD7DD2DE2B8796A200594455;
			packageReferences = (
			);
			productRefGroup = AD7DD2E82B8796A200594455 /* Products */;
			projectDirPath = "";
			projectRoot = "";
			targets = (
				AD7DD2E62B8796A200594455 /* InteligentWasteManager */,
				AD7DD2F62B8796A400594455 /* InteligentWasteManagerTests */,
				AD7DD3002B8796A400594455 /* InteligentWasteManagerUITests */,
				ADE3C36F2BA0AD20003520EA /* InteligentWasteManagerTestsUnitTest */,
			);
		};
/* End PBXProject section */

/* Begin PBXResourcesBuildPhase section */
		AD7DD2E52B8796A200594455 /* Resources */ = {
			isa = PBXResourcesBuildPhase;
			buildActionMask = 2147483647;
			files = (
				AD7DD2F22B8796A400594455 /* Preview Assets.xcassets in Resources */,
				AD2940072BACE477005654F2 /* instructions.json in Resources */,
				AD7DD2EF2B8796A400594455 /* Assets.xcassets in Resources */,
			);
			runOnlyForDeploymentPostprocessing = 0;
		};
		AD7DD2F52B8796A400594455 /* Resources */ = {
			isa = PBXResourcesBuildPhase;
			buildActionMask = 2147483647;
			files = (
			);
			runOnlyForDeploymentPostprocessing = 0;
		};
		AD7DD2FF2B8796A400594455 /* Resources */ = {
			isa = PBXResourcesBuildPhase;
			buildActionMask = 2147483647;
			files = (
			);
			runOnlyForDeploymentPostprocessing = 0;
		};
		ADE3C36E2BA0AD20003520EA /* Resources */ = {
			isa = PBXResourcesBuildPhase;
			buildActionMask = 2147483647;
			files = (
			);
			runOnlyForDeploymentPostprocessing = 0;
		};
/* End PBXResourcesBuildPhase section */

/* Begin PBXShellScriptBuildPhase section */
		1B01E89D476AE81171713A7A /* [CP] Embed Pods Frameworks */ = {
			isa = PBXShellScriptBuildPhase;
			buildActionMask = 2147483647;
			files = (
			);
			inputFileListPaths = (
				"${PODS_ROOT}/Target Support Files/Pods-InteligentWasteManager/Pods-InteligentWasteManager-frameworks-${CONFIGURATION}-input-files.xcfilelist",
			);
			name = "[CP] Embed Pods Frameworks";
			outputFileListPaths = (
				"${PODS_ROOT}/Target Support Files/Pods-InteligentWasteManager/Pods-InteligentWasteManager-frameworks-${CONFIGURATION}-output-files.xcfilelist",
			);
			runOnlyForDeploymentPostprocessing = 0;
			shellPath = /bin/sh;
			shellScript = "\"${PODS_ROOT}/Target Support Files/Pods-InteligentWasteManager/Pods-InteligentWasteManager-frameworks.sh\"\n";
			showEnvVarsInLog = 0;
		};
		46B0F6FEDE68C2DDC517A4B5 /* [CP] Embed Pods Frameworks */ = {
			isa = PBXShellScriptBuildPhase;
			buildActionMask = 2147483647;
			files = (
			);
			inputFileListPaths = (
				"${PODS_ROOT}/Target Support Files/Pods-InteligentWasteManager-InteligentWasteManagerUITests/Pods-InteligentWasteManager-InteligentWasteManagerUITests-frameworks-${CONFIGURATION}-input-files.xcfilelist",
			);
			name = "[CP] Embed Pods Frameworks";
			outputFileListPaths = (
				"${PODS_ROOT}/Target Support Files/Pods-InteligentWasteManager-InteligentWasteManagerUITests/Pods-InteligentWasteManager-InteligentWasteManagerUITests-frameworks-${CONFIGURATION}-output-files.xcfilelist",
			);
			runOnlyForDeploymentPostprocessing = 0;
			shellPath = /bin/sh;
			shellScript = "\"${PODS_ROOT}/Target Support Files/Pods-InteligentWasteManager-InteligentWasteManagerUITests/Pods-InteligentWasteManager-InteligentWasteManagerUITests-frameworks.sh\"\n";
			showEnvVarsInLog = 0;
		};
		8B33C7B843C086E9EC829466 /* [CP] Check Pods Manifest.lock */ = {
			isa = PBXShellScriptBuildPhase;
			buildActionMask = 2147483647;
			files = (
			);
			inputFileListPaths = (
			);
			inputPaths = (
				"${PODS_PODFILE_DIR_PATH}/Podfile.lock",
				"${PODS_ROOT}/Manifest.lock",
			);
			name = "[CP] Check Pods Manifest.lock";
			outputFileListPaths = (
			);
			outputPaths = (
				"$(DERIVED_FILE_DIR)/Pods-InteligentWasteManager-checkManifestLockResult.txt",
			);
			runOnlyForDeploymentPostprocessing = 0;
			shellPath = /bin/sh;
			shellScript = "diff \"${PODS_PODFILE_DIR_PATH}/Podfile.lock\" \"${PODS_ROOT}/Manifest.lock\" > /dev/null\nif [ $? != 0 ] ; then\n    # print error to STDERR\n    echo \"error: The sandbox is not in sync with the Podfile.lock. Run 'pod install' or update your CocoaPods installation.\" >&2\n    exit 1\nfi\n# This output is used by Xcode 'outputs' to avoid re-running this script phase.\necho \"SUCCESS\" > \"${SCRIPT_OUTPUT_FILE_0}\"\n";
			showEnvVarsInLog = 0;
		};
		E1D7320D99E957E576153222 /* [CP] Check Pods Manifest.lock */ = {
			isa = PBXShellScriptBuildPhase;
			buildActionMask = 2147483647;
			files = (
			);
			inputFileListPaths = (
			);
			inputPaths = (
				"${PODS_PODFILE_DIR_PATH}/Podfile.lock",
				"${PODS_ROOT}/Manifest.lock",
			);
			name = "[CP] Check Pods Manifest.lock";
			outputFileListPaths = (
			);
			outputPaths = (
				"$(DERIVED_FILE_DIR)/Pods-InteligentWasteManagerTests-checkManifestLockResult.txt",
			);
			runOnlyForDeploymentPostprocessing = 0;
			shellPath = /bin/sh;
			shellScript = "diff \"${PODS_PODFILE_DIR_PATH}/Podfile.lock\" \"${PODS_ROOT}/Manifest.lock\" > /dev/null\nif [ $? != 0 ] ; then\n    # print error to STDERR\n    echo \"error: The sandbox is not in sync with the Podfile.lock. Run 'pod install' or update your CocoaPods installation.\" >&2\n    exit 1\nfi\n# This output is used by Xcode 'outputs' to avoid re-running this script phase.\necho \"SUCCESS\" > \"${SCRIPT_OUTPUT_FILE_0}\"\n";
			showEnvVarsInLog = 0;
		};
		F6E53EF460E282E4E9292811 /* [CP] Check Pods Manifest.lock */ = {
			isa = PBXShellScriptBuildPhase;
			buildActionMask = 2147483647;
			files = (
			);
			inputFileListPaths = (
			);
			inputPaths = (
				"${PODS_PODFILE_DIR_PATH}/Podfile.lock",
				"${PODS_ROOT}/Manifest.lock",
			);
			name = "[CP] Check Pods Manifest.lock";
			outputFileListPaths = (
			);
			outputPaths = (
				"$(DERIVED_FILE_DIR)/Pods-InteligentWasteManager-InteligentWasteManagerUITests-checkManifestLockResult.txt",
			);
			runOnlyForDeploymentPostprocessing = 0;
			shellPath = /bin/sh;
			shellScript = "diff \"${PODS_PODFILE_DIR_PATH}/Podfile.lock\" \"${PODS_ROOT}/Manifest.lock\" > /dev/null\nif [ $? != 0 ] ; then\n    # print error to STDERR\n    echo \"error: The sandbox is not in sync with the Podfile.lock. Run 'pod install' or update your CocoaPods installation.\" >&2\n    exit 1\nfi\n# This output is used by Xcode 'outputs' to avoid re-running this script phase.\necho \"SUCCESS\" > \"${SCRIPT_OUTPUT_FILE_0}\"\n";
			showEnvVarsInLog = 0;
		};
/* End PBXShellScriptBuildPhase section */

/* Begin PBXSourcesBuildPhase section */
		AD7DD2E32B8796A200594455 /* Sources */ = {
			isa = PBXSourcesBuildPhase;
			buildActionMask = 2147483647;
			files = (
				AD88594B2BA7279500389D4F /* DisposalInstructionModel.swift in Sources */,
				AD932A4E2BADD4FD004728F0 /* CameraViewController.swift in Sources */,
				AD847FDD2B89E30400E76D0E /* SliderButton.swift in Sources */,
				AD7DD2ED2B8796A200594455 /* ContentView.swift in Sources */,
				AD9DF3102B9EF9B400D1A97E /* AppDependencyContainer.swift in Sources */,
				AD23020F2B8F1D78003A19CC /* InstructionView.swift in Sources */,
				AD7C761F2BAD802E00871286 /* HelperFunctions.swift in Sources */,
				AD9DF30E2B9EC8C700D1A97E /* NavigationViewModel.swift in Sources */,
				AD9DF30C2B9EC89800D1A97E /* CameraContainerView.swift in Sources */,
				AD8D53C22B9D9943003BD4C0 /* DetectedObject.swift in Sources */,
				AD0655B02B8E60D700841D35 /* WasteItemModel.swift in Sources */,
				AD7DD2EB2B8796A200594455 /* InteligentWasteManagerApp.swift in Sources */,
				AD191B9E2B906A6000880DBD /* ApiResponse.swift in Sources */,
				AD60B9CE2B8D085F006DF8D0 /* LiveCameraPreview.swift in Sources */,
				ADD3C9BE2B8DC55D00BCFBE8 /* ListItem.swift in Sources */,
				ADD3C9C02B8DD24300BCFBE8 /* IdentifiedWasteItemsView.swift in Sources */,
				AD847FDF2B89F62D00E76D0E /* SlideShowViewModel.swift in Sources */,
				AD3D93D12B890B3D0028444A /* SplashScreenView.swift in Sources */,
				AD0655B52B8E635400841D35 /* WasteItemViewModel.swift in Sources */,
				AD191B9C2B906A3A00880DBD /* NetworkManager.swift in Sources */,
			);
			runOnlyForDeploymentPostprocessing = 0;
		};
		AD7DD2F32B8796A400594455 /* Sources */ = {
			isa = PBXSourcesBuildPhase;
			buildActionMask = 2147483647;
			files = (
				AD7DD2FC2B8796A400594455 /* InteligentWasteManagerTests.swift in Sources */,
			);
			runOnlyForDeploymentPostprocessing = 0;
		};
		AD7DD2FD2B8796A400594455 /* Sources */ = {
			isa = PBXSourcesBuildPhase;
			buildActionMask = 2147483647;
			files = (
				AD7DD3082B8796A400594455 /* InteligentWasteManagerUITestsLaunchTests.swift in Sources */,
				AD7DD3062B8796A400594455 /* InteligentWasteManagerUITests.swift in Sources */,
			);
			runOnlyForDeploymentPostprocessing = 0;
		};
		ADE3C36C2BA0AD20003520EA /* Sources */ = {
			isa = PBXSourcesBuildPhase;
			buildActionMask = 2147483647;
			files = (
			);
			runOnlyForDeploymentPostprocessing = 0;
		};
/* End PBXSourcesBuildPhase section */

/* Begin PBXTargetDependency section */
		AD7DD2F92B8796A400594455 /* PBXTargetDependency */ = {
			isa = PBXTargetDependency;
			target = AD7DD2E62B8796A200594455 /* InteligentWasteManager */;
			targetProxy = AD7DD2F82B8796A400594455 /* PBXContainerItemProxy */;
		};
		AD7DD3032B8796A400594455 /* PBXTargetDependency */ = {
			isa = PBXTargetDependency;
			target = AD7DD2E62B8796A200594455 /* InteligentWasteManager */;
			targetProxy = AD7DD3022B8796A400594455 /* PBXContainerItemProxy */;
		};
		ADE3C3752BA0AD20003520EA /* PBXTargetDependency */ = {
			isa = PBXTargetDependency;
			target = AD7DD2E62B8796A200594455 /* InteligentWasteManager */;
			targetProxy = ADE3C3742BA0AD20003520EA /* PBXContainerItemProxy */;
		};
/* End PBXTargetDependency section */

/* Begin XCBuildConfiguration section */
		AD7DD3092B8796A400594455 /* Debug */ = {
			isa = XCBuildConfiguration;
			buildSettings = {
				ALWAYS_SEARCH_USER_PATHS = NO;
				ASSETCATALOG_COMPILER_GENERATE_SWIFT_ASSET_SYMBOL_EXTENSIONS = YES;
				CLANG_ANALYZER_NONNULL = YES;
				CLANG_ANALYZER_NUMBER_OBJECT_CONVERSION = YES_AGGRESSIVE;
				CLANG_CXX_LANGUAGE_STANDARD = "gnu++20";
				CLANG_ENABLE_MODULES = YES;
				CLANG_ENABLE_OBJC_ARC = YES;
				CLANG_ENABLE_OBJC_WEAK = YES;
				CLANG_WARN_BLOCK_CAPTURE_AUTORELEASING = YES;
				CLANG_WARN_BOOL_CONVERSION = YES;
				CLANG_WARN_COMMA = YES;
				CLANG_WARN_CONSTANT_CONVERSION = YES;
				CLANG_WARN_DEPRECATED_OBJC_IMPLEMENTATIONS = YES;
				CLANG_WARN_DIRECT_OBJC_ISA_USAGE = YES_ERROR;
				CLANG_WARN_DOCUMENTATION_COMMENTS = YES;
				CLANG_WARN_EMPTY_BODY = YES;
				CLANG_WARN_ENUM_CONVERSION = YES;
				CLANG_WARN_INFINITE_RECURSION = YES;
				CLANG_WARN_INT_CONVERSION = YES;
				CLANG_WARN_NON_LITERAL_NULL_CONVERSION = YES;
				CLANG_WARN_OBJC_IMPLICIT_RETAIN_SELF = YES;
				CLANG_WARN_OBJC_LITERAL_CONVERSION = YES;
				CLANG_WARN_OBJC_ROOT_CLASS = YES_ERROR;
				CLANG_WARN_QUOTED_INCLUDE_IN_FRAMEWORK_HEADER = YES;
				CLANG_WARN_RANGE_LOOP_ANALYSIS = YES;
				CLANG_WARN_STRICT_PROTOTYPES = YES;
				CLANG_WARN_SUSPICIOUS_MOVE = YES;
				CLANG_WARN_UNGUARDED_AVAILABILITY = YES_AGGRESSIVE;
				CLANG_WARN_UNREACHABLE_CODE = YES;
				CLANG_WARN__DUPLICATE_METHOD_MATCH = YES;
				COPY_PHASE_STRIP = NO;
				DEBUG_INFORMATION_FORMAT = dwarf;
				ENABLE_STRICT_OBJC_MSGSEND = YES;
				ENABLE_TESTABILITY = YES;
				ENABLE_USER_SCRIPT_SANDBOXING = NO;
				GCC_C_LANGUAGE_STANDARD = gnu17;
				GCC_DYNAMIC_NO_PIC = NO;
				GCC_NO_COMMON_BLOCKS = YES;
				GCC_OPTIMIZATION_LEVEL = 0;
				GCC_PREPROCESSOR_DEFINITIONS = (
					"DEBUG=1",
					"$(inherited)",
				);
				GCC_WARN_64_TO_32_BIT_CONVERSION = YES;
				GCC_WARN_ABOUT_RETURN_TYPE = YES_ERROR;
				GCC_WARN_UNDECLARED_SELECTOR = YES;
				GCC_WARN_UNINITIALIZED_AUTOS = YES_AGGRESSIVE;
				GCC_WARN_UNUSED_FUNCTION = YES;
				GCC_WARN_UNUSED_VARIABLE = YES;
				IPHONEOS_DEPLOYMENT_TARGET = 17.2;
				LOCALIZATION_PREFERS_STRING_CATALOGS = YES;
				MTL_ENABLE_DEBUG_INFO = INCLUDE_SOURCE;
				MTL_FAST_MATH = YES;
				ONLY_ACTIVE_ARCH = YES;
				SDKROOT = iphoneos;
				SWIFT_ACTIVE_COMPILATION_CONDITIONS = "DEBUG $(inherited)";
				SWIFT_OPTIMIZATION_LEVEL = "-Onone";
			};
			name = Debug;
		};
		AD7DD30A2B8796A400594455 /* Release */ = {
			isa = XCBuildConfiguration;
			buildSettings = {
				ALWAYS_SEARCH_USER_PATHS = NO;
				ASSETCATALOG_COMPILER_GENERATE_SWIFT_ASSET_SYMBOL_EXTENSIONS = YES;
				CLANG_ANALYZER_NONNULL = YES;
				CLANG_ANALYZER_NUMBER_OBJECT_CONVERSION = YES_AGGRESSIVE;
				CLANG_CXX_LANGUAGE_STANDARD = "gnu++20";
				CLANG_ENABLE_MODULES = YES;
				CLANG_ENABLE_OBJC_ARC = YES;
				CLANG_ENABLE_OBJC_WEAK = YES;
				CLANG_WARN_BLOCK_CAPTURE_AUTORELEASING = YES;
				CLANG_WARN_BOOL_CONVERSION = YES;
				CLANG_WARN_COMMA = YES;
				CLANG_WARN_CONSTANT_CONVERSION = YES;
				CLANG_WARN_DEPRECATED_OBJC_IMPLEMENTATIONS = YES;
				CLANG_WARN_DIRECT_OBJC_ISA_USAGE = YES_ERROR;
				CLANG_WARN_DOCUMENTATION_COMMENTS = YES;
				CLANG_WARN_EMPTY_BODY = YES;
				CLANG_WARN_ENUM_CONVERSION = YES;
				CLANG_WARN_INFINITE_RECURSION = YES;
				CLANG_WARN_INT_CONVERSION = YES;
				CLANG_WARN_NON_LITERAL_NULL_CONVERSION = YES;
				CLANG_WARN_OBJC_IMPLICIT_RETAIN_SELF = YES;
				CLANG_WARN_OBJC_LITERAL_CONVERSION = YES;
				CLANG_WARN_OBJC_ROOT_CLASS = YES_ERROR;
				CLANG_WARN_QUOTED_INCLUDE_IN_FRAMEWORK_HEADER = YES;
				CLANG_WARN_RANGE_LOOP_ANALYSIS = YES;
				CLANG_WARN_STRICT_PROTOTYPES = YES;
				CLANG_WARN_SUSPICIOUS_MOVE = YES;
				CLANG_WARN_UNGUARDED_AVAILABILITY = YES_AGGRESSIVE;
				CLANG_WARN_UNREACHABLE_CODE = YES;
				CLANG_WARN__DUPLICATE_METHOD_MATCH = YES;
				COPY_PHASE_STRIP = NO;
				DEBUG_INFORMATION_FORMAT = "dwarf-with-dsym";
				ENABLE_NS_ASSERTIONS = NO;
				ENABLE_STRICT_OBJC_MSGSEND = YES;
				ENABLE_USER_SCRIPT_SANDBOXING = NO;
				GCC_C_LANGUAGE_STANDARD = gnu17;
				GCC_NO_COMMON_BLOCKS = YES;
				GCC_WARN_64_TO_32_BIT_CONVERSION = YES;
				GCC_WARN_ABOUT_RETURN_TYPE = YES_ERROR;
				GCC_WARN_UNDECLARED_SELECTOR = YES;
				GCC_WARN_UNINITIALIZED_AUTOS = YES_AGGRESSIVE;
				GCC_WARN_UNUSED_FUNCTION = YES;
				GCC_WARN_UNUSED_VARIABLE = YES;
				IPHONEOS_DEPLOYMENT_TARGET = 17.2;
				LOCALIZATION_PREFERS_STRING_CATALOGS = YES;
				MTL_ENABLE_DEBUG_INFO = NO;
				MTL_FAST_MATH = YES;
				SDKROOT = iphoneos;
				SWIFT_COMPILATION_MODE = wholemodule;
				VALIDATE_PRODUCT = YES;
			};
			name = Release;
		};
		AD7DD30C2B8796A400594455 /* Debug */ = {
			isa = XCBuildConfiguration;
			baseConfigurationReference = 51E2D00A6341395206C6D5E7 /* Pods-InteligentWasteManager.debug.xcconfig */;
			buildSettings = {
				ASSETCATALOG_COMPILER_APPICON_NAME = AppIcon;
				ASSETCATALOG_COMPILER_GLOBAL_ACCENT_COLOR_NAME = AccentColor;
				CODE_SIGN_STYLE = Automatic;
				CURRENT_PROJECT_VERSION = 1;
				DEVELOPMENT_ASSET_PATHS = "\"InteligentWasteManager/Preview Content\"";
				DEVELOPMENT_TEAM = 7S4934LSLZ;
				ENABLE_PREVIEWS = YES;
				ENABLE_USER_SCRIPT_SANDBOXING = NO;
				GENERATE_INFOPLIST_FILE = YES;
				INFOPLIST_KEY_NSCameraUsageDescription = "We need access to the camera";
				INFOPLIST_KEY_UIApplicationSceneManifest_Generation = YES;
				INFOPLIST_KEY_UIApplicationSupportsIndirectInputEvents = YES;
				INFOPLIST_KEY_UILaunchScreen_Generation = YES;
				INFOPLIST_KEY_UISupportedInterfaceOrientations_iPad = "UIInterfaceOrientationPortrait UIInterfaceOrientationPortraitUpsideDown UIInterfaceOrientationLandscapeLeft UIInterfaceOrientationLandscapeRight";
				INFOPLIST_KEY_UISupportedInterfaceOrientations_iPhone = "UIInterfaceOrientationPortrait UIInterfaceOrientationLandscapeLeft UIInterfaceOrientationLandscapeRight";
				LD_RUNPATH_SEARCH_PATHS = (
					"$(inherited)",
					"@executable_path/Frameworks",
				);
				MARKETING_VERSION = 1.0;
				PRODUCT_BUNDLE_IDENTIFIER = wasteManager.InteligentWasteManager;
				PRODUCT_NAME = "$(TARGET_NAME)";
				SWIFT_EMIT_LOC_STRINGS = YES;
				SWIFT_VERSION = 5.0;
				TARGETED_DEVICE_FAMILY = "1,2";
			};
			name = Debug;
		};
		AD7DD30D2B8796A400594455 /* Release */ = {
			isa = XCBuildConfiguration;
			baseConfigurationReference = 71DF55E3DDFC73AC64897959 /* Pods-InteligentWasteManager.release.xcconfig */;
			buildSettings = {
				ASSETCATALOG_COMPILER_APPICON_NAME = AppIcon;
				ASSETCATALOG_COMPILER_GLOBAL_ACCENT_COLOR_NAME = AccentColor;
				CODE_SIGN_STYLE = Automatic;
				CURRENT_PROJECT_VERSION = 1;
				DEVELOPMENT_ASSET_PATHS = "\"InteligentWasteManager/Preview Content\"";
				DEVELOPMENT_TEAM = 7S4934LSLZ;
				ENABLE_PREVIEWS = YES;
				ENABLE_USER_SCRIPT_SANDBOXING = NO;
				GENERATE_INFOPLIST_FILE = YES;
				INFOPLIST_KEY_NSCameraUsageDescription = "We need access to the camera";
				INFOPLIST_KEY_UIApplicationSceneManifest_Generation = YES;
				INFOPLIST_KEY_UIApplicationSupportsIndirectInputEvents = YES;
				INFOPLIST_KEY_UILaunchScreen_Generation = YES;
				INFOPLIST_KEY_UISupportedInterfaceOrientations_iPad = "UIInterfaceOrientationPortrait UIInterfaceOrientationPortraitUpsideDown UIInterfaceOrientationLandscapeLeft UIInterfaceOrientationLandscapeRight";
				INFOPLIST_KEY_UISupportedInterfaceOrientations_iPhone = "UIInterfaceOrientationPortrait UIInterfaceOrientationLandscapeLeft UIInterfaceOrientationLandscapeRight";
				LD_RUNPATH_SEARCH_PATHS = (
					"$(inherited)",
					"@executable_path/Frameworks",
				);
				MARKETING_VERSION = 1.0;
				PRODUCT_BUNDLE_IDENTIFIER = wasteManager.InteligentWasteManager;
				PRODUCT_NAME = "$(TARGET_NAME)";
				SWIFT_EMIT_LOC_STRINGS = YES;
				SWIFT_VERSION = 5.0;
				TARGETED_DEVICE_FAMILY = "1,2";
			};
			name = Release;
		};
		AD7DD30F2B8796A400594455 /* Debug */ = {
			isa = XCBuildConfiguration;
			baseConfigurationReference = FE0BAC2CB826709213975AD4 /* Pods-InteligentWasteManagerTests.debug.xcconfig */;
			buildSettings = {
				ALWAYS_EMBED_SWIFT_STANDARD_LIBRARIES = YES;
				BUNDLE_LOADER = "$(TEST_HOST)";
				CODE_SIGN_STYLE = Automatic;
				CURRENT_PROJECT_VERSION = 1;
				GENERATE_INFOPLIST_FILE = YES;
				IPHONEOS_DEPLOYMENT_TARGET = 17.2;
				MARKETING_VERSION = 1.0;
				PRODUCT_BUNDLE_IDENTIFIER = wasteManager.InteligentWasteManagerTests;
				PRODUCT_NAME = "$(TARGET_NAME)";
				SWIFT_EMIT_LOC_STRINGS = NO;
				SWIFT_VERSION = 5.0;
				TARGETED_DEVICE_FAMILY = "1,2";
				TEST_HOST = "$(BUILT_PRODUCTS_DIR)/InteligentWasteManager.app/$(BUNDLE_EXECUTABLE_FOLDER_PATH)/InteligentWasteManager";
			};
			name = Debug;
		};
		AD7DD3102B8796A400594455 /* Release */ = {
			isa = XCBuildConfiguration;
			baseConfigurationReference = 059960BFAC7E1175702DF3A4 /* Pods-InteligentWasteManagerTests.release.xcconfig */;
			buildSettings = {
				ALWAYS_EMBED_SWIFT_STANDARD_LIBRARIES = YES;
				BUNDLE_LOADER = "$(TEST_HOST)";
				CODE_SIGN_STYLE = Automatic;
				CURRENT_PROJECT_VERSION = 1;
				GENERATE_INFOPLIST_FILE = YES;
				IPHONEOS_DEPLOYMENT_TARGET = 17.2;
				MARKETING_VERSION = 1.0;
				PRODUCT_BUNDLE_IDENTIFIER = wasteManager.InteligentWasteManagerTests;
				PRODUCT_NAME = "$(TARGET_NAME)";
				SWIFT_EMIT_LOC_STRINGS = NO;
				SWIFT_VERSION = 5.0;
				TARGETED_DEVICE_FAMILY = "1,2";
				TEST_HOST = "$(BUILT_PRODUCTS_DIR)/InteligentWasteManager.app/$(BUNDLE_EXECUTABLE_FOLDER_PATH)/InteligentWasteManager";
			};
			name = Release;
		};
		AD7DD3122B8796A400594455 /* Debug */ = {
			isa = XCBuildConfiguration;
			baseConfigurationReference = B4AB1B23FF6A141FE5AC5046 /* Pods-InteligentWasteManager-InteligentWasteManagerUITests.debug.xcconfig */;
			buildSettings = {
				CODE_SIGN_STYLE = Automatic;
				CURRENT_PROJECT_VERSION = 1;
				GENERATE_INFOPLIST_FILE = YES;
				MARKETING_VERSION = 1.0;
				PRODUCT_BUNDLE_IDENTIFIER = wasteManager.InteligentWasteManagerUITests;
				PRODUCT_NAME = "$(TARGET_NAME)";
				SWIFT_EMIT_LOC_STRINGS = NO;
				SWIFT_VERSION = 5.0;
				TARGETED_DEVICE_FAMILY = "1,2";
				TEST_TARGET_NAME = InteligentWasteManager;
			};
			name = Debug;
		};
		AD7DD3132B8796A400594455 /* Release */ = {
			isa = XCBuildConfiguration;
			baseConfigurationReference = 147F635B4E729F67B90F5284 /* Pods-InteligentWasteManager-InteligentWasteManagerUITests.release.xcconfig */;
			buildSettings = {
				CODE_SIGN_STYLE = Automatic;
				CURRENT_PROJECT_VERSION = 1;
				GENERATE_INFOPLIST_FILE = YES;
				MARKETING_VERSION = 1.0;
				PRODUCT_BUNDLE_IDENTIFIER = wasteManager.InteligentWasteManagerUITests;
				PRODUCT_NAME = "$(TARGET_NAME)";
				SWIFT_EMIT_LOC_STRINGS = NO;
				SWIFT_VERSION = 5.0;
				TARGETED_DEVICE_FAMILY = "1,2";
				TEST_TARGET_NAME = InteligentWasteManager;
			};
			name = Release;
		};
		ADE3C3772BA0AD20003520EA /* Debug */ = {
			isa = XCBuildConfiguration;
			buildSettings = {
				BUNDLE_LOADER = "$(TEST_HOST)";
				CODE_SIGN_STYLE = Automatic;
				CURRENT_PROJECT_VERSION = 1;
				GENERATE_INFOPLIST_FILE = YES;
				MARKETING_VERSION = 1.0;
				PRODUCT_BUNDLE_IDENTIFIER = wasteManager.InteligentWasteManagerTestsUnitTest;
				PRODUCT_NAME = "$(TARGET_NAME)";
				SWIFT_EMIT_LOC_STRINGS = NO;
				SWIFT_VERSION = 5.0;
				TARGETED_DEVICE_FAMILY = "1,2";
				TEST_HOST = "$(BUILT_PRODUCTS_DIR)/InteligentWasteManager.app/$(BUNDLE_EXECUTABLE_FOLDER_PATH)/InteligentWasteManager";
			};
			name = Debug;
		};
		ADE3C3782BA0AD20003520EA /* Release */ = {
			isa = XCBuildConfiguration;
			buildSettings = {
				BUNDLE_LOADER = "$(TEST_HOST)";
				CODE_SIGN_STYLE = Automatic;
				CURRENT_PROJECT_VERSION = 1;
				GENERATE_INFOPLIST_FILE = YES;
				MARKETING_VERSION = 1.0;
				PRODUCT_BUNDLE_IDENTIFIER = wasteManager.InteligentWasteManagerTestsUnitTest;
				PRODUCT_NAME = "$(TARGET_NAME)";
				SWIFT_EMIT_LOC_STRINGS = NO;
				SWIFT_VERSION = 5.0;
				TARGETED_DEVICE_FAMILY = "1,2";
				TEST_HOST = "$(BUILT_PRODUCTS_DIR)/InteligentWasteManager.app/$(BUNDLE_EXECUTABLE_FOLDER_PATH)/InteligentWasteManager";
			};
			name = Release;
		};
/* End XCBuildConfiguration section */

/* Begin XCConfigurationList section */
		AD7DD2E22B8796A200594455 /* Build configuration list for PBXProject "InteligentWasteManager" */ = {
			isa = XCConfigurationList;
			buildConfigurations = (
				AD7DD3092B8796A400594455 /* Debug */,
				AD7DD30A2B8796A400594455 /* Release */,
			);
			defaultConfigurationIsVisible = 0;
			defaultConfigurationName = Release;
		};
		AD7DD30B2B8796A400594455 /* Build configuration list for PBXNativeTarget "InteligentWasteManager" */ = {
			isa = XCConfigurationList;
			buildConfigurations = (
				AD7DD30C2B8796A400594455 /* Debug */,
				AD7DD30D2B8796A400594455 /* Release */,
			);
			defaultConfigurationIsVisible = 0;
			defaultConfigurationName = Release;
		};
		AD7DD30E2B8796A400594455 /* Build configuration list for PBXNativeTarget "InteligentWasteManagerTests" */ = {
			isa = XCConfigurationList;
			buildConfigurations = (
				AD7DD30F2B8796A400594455 /* Debug */,
				AD7DD3102B8796A400594455 /* Release */,
			);
			defaultConfigurationIsVisible = 0;
			defaultConfigurationName = Release;
		};
		AD7DD3112B8796A400594455 /* Build configuration list for PBXNativeTarget "InteligentWasteManagerUITests" */ = {
			isa = XCConfigurationList;
			buildConfigurations = (
				AD7DD3122B8796A400594455 /* Debug */,
				AD7DD3132B8796A400594455 /* Release */,
			);
			defaultConfigurationIsVisible = 0;
			defaultConfigurationName = Release;
		};
		ADE3C3762BA0AD20003520EA /* Build configuration list for PBXNativeTarget "InteligentWasteManagerTestsUnitTest" */ = {
			isa = XCConfigurationList;
			buildConfigurations = (
				ADE3C3772BA0AD20003520EA /* Debug */,
				ADE3C3782BA0AD20003520EA /* Release */,
			);
			defaultConfigurationIsVisible = 0;
			defaultConfigurationName = Release;
		};
/* End XCConfigurationList section */
	};
	rootObject = AD7DD2DF2B8796A200594455 /* Project object */;
}
